
Microsoft Visual Studio Solution File, Format Version 12.00
# Visual Studio Version 17
VisualStudioVersion = 17.3.32825.248
MinimumVisualStudioVersion = 10.0.40219.1
Project("{8BC9CEB8-8B4A-11D0-8D11-00A0C91BC942}") = "test_2_2", "test_2_2\test_2_2.vcxproj", "{B440B863-7357-44B4-A895-96E64FCF4467}"
EndProject
Global
	GlobalSection(SolutionConfigurationPlatforms) = preSolution
		Debug|x64 = Debug|x64
		Debug|x86 = Debug|x86
		Release|x64 = Release|x64
		Release|x86 = Release|x86
	EndGlobalSection
	GlobalSection(ProjectConfigurationPlatforms) = postSolution
		{B440B863-7357-44B4-A895-96E64FCF4467}.Debug|x64.ActiveCfg = Debug|x64
		{B440B863-7357-44B4-A895-96E64FCF4467}.Debug|x64.Build.0 = Debug|x64
		{B440B863-7357-44B4-A895-96E64FCF4467}.Debug|x86.ActiveCfg = Debug|Win32
		{B440B863-7357-44B4-A895-96E64FCF4467}.Debug|x86.Build.0 = Debug|Win32
		{B440B863-7357-44B4-A895-96E64FCF4467}.Release|x64.ActiveCfg = Release|x64
		{B440B863-7357-44B4-A895-96E64FCF4467}.Release|x64.Build.0 = Release|x64
		{B440B863-7357-44B4-A895-96E64FCF4467}.Release|x86.ActiveCfg = Release|Win32
		{B440B863-7357-44B4-A895-96E64FCF4467}.Release|x86.Build.0 = Release|Win32
	EndGlobalSection
	GlobalSection(SolutionProperties) = preSolution
		HideSolutionNode = FALSE
	EndGlobalSection
	GlobalSection(ExtensibilityGlobals) = postSolution
		SolutionGuid = {7BC62C39-DCEA-4CC2-889B-BAD2957380AE}
	EndGlobalSection
EndGlobal
